
Microsoft Visual Studio Solution File, Format Version 12.00
# Visual Studio 15
VisualStudioVersion = 15.0.28307.757
MinimumVisualStudioVersion = 10.0.40219.1
Project("{FAE04EC0-301F-11D3-BF4B-00C04F79EFBC}") = "OMS_API", "OMS_API\OMS_API.csproj", "{129E6067-7491-4A5E-BEC1-8351EDBDF8F5}"
EndProject
Global
	GlobalSection(SolutionConfigurationPlatforms) = preSolution
		Debug|Any CPU = Debug|Any CPU
		Release|Any CPU = Release|Any CPU
	EndGlobalSection
	GlobalSection(ProjectConfigurationPlatforms) = postSolution
		{129E6067-7491-4A5E-BEC1-8351EDBDF8F5}.Debug|Any CPU.ActiveCfg = Debug|Any CPU
		{129E6067-7491-4A5E-BEC1-8351EDBDF8F5}.Debug|Any CPU.Build.0 = Debug|Any CPU
		{129E6067-7491-4A5E-BEC1-8351EDBDF8F5}.Release|Any CPU.ActiveCfg = Release|Any CPU
		{129E6067-7491-4A5E-BEC1-8351EDBDF8F5}.Release|Any CPU.Build.0 = Release|Any CPU
	EndGlobalSection
	GlobalSection(SolutionProperties) = preSolution
		HideSolutionNode = FALSE
	EndGlobalSection
	GlobalSection(ExtensibilityGlobals) = postSolution
		SolutionGuid = {B429FAC4-CF08-474B-B812-02D205D6ED7F}
	EndGlobalSection
EndGlobal
